
Microsoft Visual Studio Solution File, Format Version 12.00
# Visual Studio 2013
VisualStudioVersion = 12.0.31101.0
MinimumVisualStudioVersion = 10.0.40219.1
Project("{FAE04EC0-301F-11D3-BF4B-00C04F79EFBC}") = "Csharp Programming", "Csharp Programming\Csharp Programming.csproj", "{4406B85B-DDAA-48C2-B395-E6C67A5A1CB1}"
EndProject
Project("{FAE04EC0-301F-11D3-BF4B-00C04F79EFBC}") = "Csharp Windows Form App - File Writer", "Csharp Windows Form App\Csharp Windows Form App - File Writer.csproj", "{1BDF4AAF-EF62-4E5C-9E7E-602BC81937D5}"
EndProject
Project("{FAE04EC0-301F-11D3-BF4B-00C04F79EFBC}") = "Csharp Class Library", "Csharp Class Library\Csharp Class Library.csproj", "{49A02341-488A-4AE3-9289-920F9A9AA0CE}"
EndProject
Project("{FAE04EC0-301F-11D3-BF4B-00C04F79EFBC}") = "Csharp Windows Form App - Browser", "Csharp Windows Form App - Browser\Csharp Windows Form App - Browser.csproj", "{CF75F66D-5BD7-445D-8E45-C31E7AE8C166}"
EndProject
Project("{FAE04EC0-301F-11D3-BF4B-00C04F79EFBC}") = "Csharp WindowsService", "Csharp WindowsService\Csharp WindowsService.csproj", "{B5307824-57B2-44D2-AFCD-61B8EA89A533}"
EndProject
Project("{FAE04EC0-301F-11D3-BF4B-00C04F79EFBC}") = "Csharp FirstDB", "FirstDB\Csharp FirstDB.csproj", "{8C2C5472-DAAC-4C13-B62C-A6C61BFBCA3E}"
EndProject
Project("{FAE04EC0-301F-11D3-BF4B-00C04F79EFBC}") = "Csharp WebDBControl", "Csharp WebDBControl\Csharp WebDBControl.csproj", "{7ACC04BB-EB32-4724-AFCB-D41F686A6AF3}"
EndProject
Project("{FAE04EC0-301F-11D3-BF4B-00C04F79EFBC}") = "Csharp WPF", "Csharp WPF\Csharp WPF.csproj", "{94174261-AAA4-4252-A4C2-EF057B614125}"
EndProject
Project("{FAE04EC0-301F-11D3-BF4B-00C04F79EFBC}") = "Csharp WFA - Async and Await ex", "Csharp WFA - Async and Await ex\Csharp WFA - Async and Await ex.csproj", "{80D0583B-C640-4506-831A-C078C26BAEC9}"
EndProject
Project("{FAE04EC0-301F-11D3-BF4B-00C04F79EFBC}") = "Csharp WFA - File Manager", "Csharp WFA - File Manager\Csharp WFA - File Manager.csproj", "{67D69B69-AF0A-4D6B-A1A6-9CBBDB85886F}"
EndProject
Global
	GlobalSection(SolutionConfigurationPlatforms) = preSolution
		Debug|Any CPU = Debug|Any CPU
		Release|Any CPU = Release|Any CPU
	EndGlobalSection
	GlobalSection(ProjectConfigurationPlatforms) = postSolution
		{4406B85B-DDAA-48C2-B395-E6C67A5A1CB1}.Debug|Any CPU.ActiveCfg = Debug|Any CPU
		{4406B85B-DDAA-48C2-B395-E6C67A5A1CB1}.Debug|Any CPU.Build.0 = Debug|Any CPU
		{4406B85B-DDAA-48C2-B395-E6C67A5A1CB1}.Release|Any CPU.ActiveCfg = Release|Any CPU
		{4406B85B-DDAA-48C2-B395-E6C67A5A1CB1}.Release|Any CPU.Build.0 = Release|Any CPU
		{1BDF4AAF-EF62-4E5C-9E7E-602BC81937D5}.Debug|Any CPU.ActiveCfg = Debug|Any CPU
		{1BDF4AAF-EF62-4E5C-9E7E-602BC81937D5}.Debug|Any CPU.Build.0 = Debug|Any CPU
		{1BDF4AAF-EF62-4E5C-9E7E-602BC81937D5}.Release|Any CPU.ActiveCfg = Release|Any CPU
		{1BDF4AAF-EF62-4E5C-9E7E-602BC81937D5}.Release|Any CPU.Build.0 = Release|Any CPU
		{49A02341-488A-4AE3-9289-920F9A9AA0CE}.Debug|Any CPU.ActiveCfg = Debug|Any CPU
		{49A02341-488A-4AE3-9289-920F9A9AA0CE}.Debug|Any CPU.Build.0 = Debug|Any CPU
		{49A02341-488A-4AE3-9289-920F9A9AA0CE}.Release|Any CPU.ActiveCfg = Release|Any CPU
		{49A02341-488A-4AE3-9289-920F9A9AA0CE}.Release|Any CPU.Build.0 = Release|Any CPU
		{CF75F66D-5BD7-445D-8E45-C31E7AE8C166}.Debug|Any CPU.ActiveCfg = Debug|Any CPU
		{CF75F66D-5BD7-445D-8E45-C31E7AE8C166}.Debug|Any CPU.Build.0 = Debug|Any CPU
		{CF75F66D-5BD7-445D-8E45-C31E7AE8C166}.Release|Any CPU.ActiveCfg = Release|Any CPU
		{CF75F66D-5BD7-445D-8E45-C31E7AE8C166}.Release|Any CPU.Build.0 = Release|Any CPU
		{B5307824-57B2-44D2-AFCD-61B8EA89A533}.Debug|Any CPU.ActiveCfg = Debug|Any CPU
		{B5307824-57B2-44D2-AFCD-61B8EA89A533}.Debug|Any CPU.Build.0 = Debug|Any CPU
		{B5307824-57B2-44D2-AFCD-61B8EA89A533}.Release|Any CPU.ActiveCfg = Release|Any CPU
		{B5307824-57B2-44D2-AFCD-61B8EA89A533}.Release|Any CPU.Build.0 = Release|Any CPU
		{8C2C5472-DAAC-4C13-B62C-A6C61BFBCA3E}.Debug|Any CPU.ActiveCfg = Debug|Any CPU
		{8C2C5472-DAAC-4C13-B62C-A6C61BFBCA3E}.Debug|Any CPU.Build.0 = Debug|Any CPU
		{8C2C5472-DAAC-4C13-B62C-A6C61BFBCA3E}.Release|Any CPU.ActiveCfg = Release|Any CPU
		{8C2C5472-DAAC-4C13-B62C-A6C61BFBCA3E}.Release|Any CPU.Build.0 = Release|Any CPU
		{7ACC04BB-EB32-4724-AFCB-D41F686A6AF3}.Debug|Any CPU.ActiveCfg = Debug|Any CPU
		{7ACC04BB-EB32-4724-AFCB-D41F686A6AF3}.Debug|Any CPU.Build.0 = Debug|Any CPU
		{7ACC04BB-EB32-4724-AFCB-D41F686A6AF3}.Release|Any CPU.ActiveCfg = Release|Any CPU
		{7ACC04BB-EB32-4724-AFCB-D41F686A6AF3}.Release|Any CPU.Build.0 = Release|Any CPU
		{94174261-AAA4-4252-A4C2-EF057B614125}.Debug|Any CPU.ActiveCfg = Debug|Any CPU
		{94174261-AAA4-4252-A4C2-EF057B614125}.Debug|Any CPU.Build.0 = Debug|Any CPU
		{94174261-AAA4-4252-A4C2-EF057B614125}.Release|Any CPU.ActiveCfg = Release|Any CPU
		{94174261-AAA4-4252-A4C2-EF057B614125}.Release|Any CPU.Build.0 = Release|Any CPU
		{80D0583B-C640-4506-831A-C078C26BAEC9}.Debug|Any CPU.ActiveCfg = Debug|Any CPU
		{80D0583B-C640-4506-831A-C078C26BAEC9}.Debug|Any CPU.Build.0 = Debug|Any CPU
		{80D0583B-C640-4506-831A-C078C26BAEC9}.Release|Any CPU.ActiveCfg = Release|Any CPU
		{80D0583B-C640-4506-831A-C078C26BAEC9}.Release|Any CPU.Build.0 = Release|Any CPU
		{67D69B69-AF0A-4D6B-A1A6-9CBBDB85886F}.Debug|Any CPU.ActiveCfg = Debug|Any CPU
		{67D69B69-AF0A-4D6B-A1A6-9CBBDB85886F}.Debug|Any CPU.Build.0 = Debug|Any CPU
		{67D69B69-AF0A-4D6B-A1A6-9CBBDB85886F}.Release|Any CPU.ActiveCfg = Release|Any CPU
		{67D69B69-AF0A-4D6B-A1A6-9CBBDB85886F}.Release|Any CPU.Build.0 = Release|Any CPU
	EndGlobalSection
	GlobalSection(SolutionProperties) = preSolution
		HideSolutionNode = FALSE
	EndGlobalSection
EndGlobal
